// !$*UTF8*$!
{
	archiveVersion = 1;
	classes = {
	};
	objectVersion = 51;
	objects = {

/* Begin PBXBuildFile section */
		6465B54BFF3CD0B2CF359F2B /* Pods_MarketBroccoli.framework in Frameworks */ = {isa = PBXBuildFile; fileRef = BA3DAD3F9ADB459218F3993B /* Pods_MarketBroccoli.framework */; };
		7050F3122424BA3800B8E13B /* LoginViewController.swift in Sources */ = {isa = PBXBuildFile; fileRef = 7050F3112424BA3800B8E13B /* LoginViewController.swift */; };
		7050F3142424DF7F00B8E13B /* ExtensionUIView.swift in Sources */ = {isa = PBXBuildFile; fileRef = 7050F3132424DF7F00B8E13B /* ExtensionUIView.swift */; };
		723851E124249C6400E8B206 /* UserInfoTableViewCell.swift in Sources */ = {isa = PBXBuildFile; fileRef = 723851E024249C6400E8B206 /* UserInfoTableViewCell.swift */; };
		727F093324287C2E00584A40 /* UITableViewCellExtension.swift in Sources */ = {isa = PBXBuildFile; fileRef = 727F093224287C2E00584A40 /* UITableViewCellExtension.swift */; };
		727F093524287C4F00584A40 /* UITableViewExtension.swift in Sources */ = {isa = PBXBuildFile; fileRef = 727F093424287C4F00584A40 /* UITableViewExtension.swift */; };
		727F09612428DFFC00584A40 /* CartView.swift in Sources */ = {isa = PBXBuildFile; fileRef = 727F09602428DFFC00584A40 /* CartView.swift */; };
		727F09632428E2DB00584A40 /* CartProductTableViewCell.swift in Sources */ = {isa = PBXBuildFile; fileRef = 727F09622428E2DB00584A40 /* CartProductTableViewCell.swift */; };
		728078682429A8A500101B7D /* ProductQuantityStepper.swift in Sources */ = {isa = PBXBuildFile; fileRef = 728078672429A8A500101B7D /* ProductQuantityStepper.swift */; };
		7280786C2429CA2000101B7D /* CartViewController.swift in Sources */ = {isa = PBXBuildFile; fileRef = 7280786B2429CA2000101B7D /* CartViewController.swift */; };
		7C15D0B62429E55300ACB4C9 /* HomeReuseCollectionCell.swift in Sources */ = {isa = PBXBuildFile; fileRef = 7C15D0B52429E55300ACB4C9 /* HomeReuseCollectionCell.swift */; };
		7C15D0B8242A2C3500ACB4C9 /* UILabelExtension.swift in Sources */ = {isa = PBXBuildFile; fileRef = 7C15D0B7242A2C3500ACB4C9 /* UILabelExtension.swift */; };
		7C65ECBA242471380075606A /* EventMark.swift in Sources */ = {isa = PBXBuildFile; fileRef = 7C65ECB9242471380075606A /* EventMark.swift */; };
		7C65ECBC242472370075606A /* EmptyExtension.swift in Sources */ = {isa = PBXBuildFile; fileRef = 7C65ECBB242472370075606A /* EmptyExtension.swift */; };
		7C65ECBE242472400075606A /* EmptyManager.swift in Sources */ = {isa = PBXBuildFile; fileRef = 7C65ECBD242472400075606A /* EmptyManager.swift */; };
		7C65ECC0242472480075606A /* EmptyTC.swift in Sources */ = {isa = PBXBuildFile; fileRef = 7C65ECBF242472480075606A /* EmptyTC.swift */; };
		7C65ECC2242472C60075606A /* Constant.swift in Sources */ = {isa = PBXBuildFile; fileRef = 7C65ECC1242472C60075606A /* Constant.swift */; };
		7C65ECC5242472EC0075606A /* EmptyModel.swift in Sources */ = {isa = PBXBuildFile; fileRef = 7C65ECC4242472EC0075606A /* EmptyModel.swift */; };
		7C65ECC8242472FE0075606A /* EmptyViews.swift in Sources */ = {isa = PBXBuildFile; fileRef = 7C65ECC7242472FE0075606A /* EmptyViews.swift */; };
		7C65ECCB24249B2C0075606A /* EmptyTemp.swift in Sources */ = {isa = PBXBuildFile; fileRef = 7C65ECCA24249B2C0075606A /* EmptyTemp.swift */; };
		7C65ECCF2424B95F0075606A /* HomeViewController.swift in Sources */ = {isa = PBXBuildFile; fileRef = 7C65ECCE2424B95F0075606A /* HomeViewController.swift */; };
		7C65ECD12424D82C0075606A /* HomeRootView.swift in Sources */ = {isa = PBXBuildFile; fileRef = 7C65ECD02424D82C0075606A /* HomeRootView.swift */; };
		7C65ECD42424EFE60075606A /* RecommendationView.swift in Sources */ = {isa = PBXBuildFile; fileRef = 7C65ECD32424EFE60075606A /* RecommendationView.swift */; };
		7C65ECD62424F0060075606A /* NewProductView.swift in Sources */ = {isa = PBXBuildFile; fileRef = 7C65ECD52424F0060075606A /* NewProductView.swift */; };
		7C65ECD82424F03D0075606A /* BestView.swift in Sources */ = {isa = PBXBuildFile; fileRef = 7C65ECD72424F03D0075606A /* BestView.swift */; };
		7C65ECDA2424F0830075606A /* ShoppingView.swift in Sources */ = {isa = PBXBuildFile; fileRef = 7C65ECD92424F0830075606A /* ShoppingView.swift */; };
		7C65ECDC2424F08C0075606A /* EventView.swift in Sources */ = {isa = PBXBuildFile; fileRef = 7C65ECDB2424F08C0075606A /* EventView.swift */; };
		7CCD648B2428735100FC671B /* .swiftlint.yml in Resources */ = {isa = PBXBuildFile; fileRef = 7CCD648A2428735100FC671B /* .swiftlint.yml */; };
		7CCD648F24287C3800FC671B /* HomeImageTableCell.swift in Sources */ = {isa = PBXBuildFile; fileRef = 7CCD648E24287C3800FC671B /* HomeImageTableCell.swift */; };
		7CCD6491242886C500FC671B /* HomeImageCollectionView.swift in Sources */ = {isa = PBXBuildFile; fileRef = 7CCD6490242886C500FC671B /* HomeImageCollectionView.swift */; };
		7CCD64942428873000FC671B /* CustomCollectionViewFlowLayout.swift in Sources */ = {isa = PBXBuildFile; fileRef = 7CCD64932428873000FC671B /* CustomCollectionViewFlowLayout.swift */; };
		7CCD64962428DABA00FC671B /* HomeBannerCollectionCell.swift in Sources */ = {isa = PBXBuildFile; fileRef = 7CCD64952428DABA00FC671B /* HomeBannerCollectionCell.swift */; };
		7CCD64982428DB1D00FC671B /* UICollectionViewCellExtension.swift in Sources */ = {isa = PBXBuildFile; fileRef = 7CCD64972428DB1D00FC671B /* UICollectionViewCellExtension.swift */; };
		7CCD649A2428DB2C00FC671B /* UICollectionViewExtension.swift in Sources */ = {isa = PBXBuildFile; fileRef = 7CCD64992428DB2C00FC671B /* UICollectionViewExtension.swift */; };
		7CD9D45A242460D60091AE5B /* AppDelegate.swift in Sources */ = {isa = PBXBuildFile; fileRef = 7CD9D459242460D60091AE5B /* AppDelegate.swift */; };
		7CD9D45E242460D70091AE5B /* ViewController.swift in Sources */ = {isa = PBXBuildFile; fileRef = 7CD9D45D242460D70091AE5B /* ViewController.swift */; };
		7CD9D463242460DB0091AE5B /* Assets.xcassets in Resources */ = {isa = PBXBuildFile; fileRef = 7CD9D462242460DB0091AE5B /* Assets.xcassets */; };
		7CD9D466242460DB0091AE5B /* LaunchScreen.storyboard in Resources */ = {isa = PBXBuildFile; fileRef = 7CD9D464242460DB0091AE5B /* LaunchScreen.storyboard */; };
		FA9AD74224287F51002D3504 /* SignupVIew.swift in Sources */ = {isa = PBXBuildFile; fileRef = FA9AD74124287F51002D3504 /* SignupVIew.swift */; };
		FAAE2E572424E3C400ACC5D3 /* SignUpViewController.swift in Sources */ = {isa = PBXBuildFile; fileRef = FAAE2E562424E3C400ACC5D3 /* SignUpViewController.swift */; };
		FAAFEB5F2424A74900452977 /* LogOutViewController.swift in Sources */ = {isa = PBXBuildFile; fileRef = FAAFEB5E2424A74900452977 /* LogOutViewController.swift */; };
		FAAFEB612424A77900452977 /* LogOutTableViewCell.swift in Sources */ = {isa = PBXBuildFile; fileRef = FAAFEB602424A77900452977 /* LogOutTableViewCell.swift */; };
		FAAFEB632424A79200452977 /* TypeConverter.swift in Sources */ = {isa = PBXBuildFile; fileRef = FAAFEB622424A79200452977 /* TypeConverter.swift */; };
/* End PBXBuildFile section */

/* Begin PBXFileReference section */
		05E73C0F0431AD204CF10586 /* Pods-MarketBroccoli.debug.xcconfig */ = {isa = PBXFileReference; includeInIndex = 1; lastKnownFileType = text.xcconfig; name = "Pods-MarketBroccoli.debug.xcconfig"; path = "Target Support Files/Pods-MarketBroccoli/Pods-MarketBroccoli.debug.xcconfig"; sourceTree = "<group>"; };
		7050F3112424BA3800B8E13B /* LoginViewController.swift */ = {isa = PBXFileReference; lastKnownFileType = sourcecode.swift; path = LoginViewController.swift; sourceTree = "<group>"; };
		7050F3132424DF7F00B8E13B /* ExtensionUIView.swift */ = {isa = PBXFileReference; lastKnownFileType = sourcecode.swift; name = ExtensionUIView.swift; path = MarketBroccoli/Source/Extensions/ExtensionUIView.swift; sourceTree = SOURCE_ROOT; };
		723851E024249C6400E8B206 /* UserInfoTableViewCell.swift */ = {isa = PBXFileReference; lastKnownFileType = sourcecode.swift; path = UserInfoTableViewCell.swift; sourceTree = "<group>"; };
		727F093224287C2E00584A40 /* UITableViewCellExtension.swift */ = {isa = PBXFileReference; lastKnownFileType = sourcecode.swift; path = UITableViewCellExtension.swift; sourceTree = "<group>"; };
		727F093424287C4F00584A40 /* UITableViewExtension.swift */ = {isa = PBXFileReference; lastKnownFileType = sourcecode.swift; path = UITableViewExtension.swift; sourceTree = "<group>"; };
		727F09602428DFFC00584A40 /* CartView.swift */ = {isa = PBXFileReference; lastKnownFileType = sourcecode.swift; path = CartView.swift; sourceTree = "<group>"; };
		727F09622428E2DB00584A40 /* CartProductTableViewCell.swift */ = {isa = PBXFileReference; lastKnownFileType = sourcecode.swift; path = CartProductTableViewCell.swift; sourceTree = "<group>"; };
		728078672429A8A500101B7D /* ProductQuantityStepper.swift */ = {isa = PBXFileReference; lastKnownFileType = sourcecode.swift; path = ProductQuantityStepper.swift; sourceTree = "<group>"; };
		7280786B2429CA2000101B7D /* CartViewController.swift */ = {isa = PBXFileReference; lastKnownFileType = sourcecode.swift; path = CartViewController.swift; sourceTree = "<group>"; };
		7C15D0B52429E55300ACB4C9 /* HomeReuseCollectionCell.swift */ = {isa = PBXFileReference; lastKnownFileType = sourcecode.swift; path = HomeReuseCollectionCell.swift; sourceTree = "<group>"; };
		7C15D0B7242A2C3500ACB4C9 /* UILabelExtension.swift */ = {isa = PBXFileReference; lastKnownFileType = sourcecode.swift; path = UILabelExtension.swift; sourceTree = "<group>"; };
		7C65ECB9242471380075606A /* EventMark.swift */ = {isa = PBXFileReference; lastKnownFileType = sourcecode.swift; path = EventMark.swift; sourceTree = "<group>"; };
		7C65ECBB242472370075606A /* EmptyExtension.swift */ = {isa = PBXFileReference; lastKnownFileType = sourcecode.swift; path = EmptyExtension.swift; sourceTree = "<group>"; };
		7C65ECBD242472400075606A /* EmptyManager.swift */ = {isa = PBXFileReference; lastKnownFileType = sourcecode.swift; path = EmptyManager.swift; sourceTree = "<group>"; };
		7C65ECBF242472480075606A /* EmptyTC.swift */ = {isa = PBXFileReference; lastKnownFileType = sourcecode.swift; path = EmptyTC.swift; sourceTree = "<group>"; };
		7C65ECC1242472C60075606A /* Constant.swift */ = {isa = PBXFileReference; lastKnownFileType = sourcecode.swift; path = Constant.swift; sourceTree = "<group>"; };
		7C65ECC4242472EC0075606A /* EmptyModel.swift */ = {isa = PBXFileReference; lastKnownFileType = sourcecode.swift; path = EmptyModel.swift; sourceTree = "<group>"; };
		7C65ECC7242472FE0075606A /* EmptyViews.swift */ = {isa = PBXFileReference; lastKnownFileType = sourcecode.swift; path = EmptyViews.swift; sourceTree = "<group>"; };
		7C65ECCA24249B2C0075606A /* EmptyTemp.swift */ = {isa = PBXFileReference; lastKnownFileType = sourcecode.swift; path = EmptyTemp.swift; sourceTree = "<group>"; };
		7C65ECCE2424B95F0075606A /* HomeViewController.swift */ = {isa = PBXFileReference; lastKnownFileType = sourcecode.swift; path = HomeViewController.swift; sourceTree = "<group>"; };
		7C65ECD02424D82C0075606A /* HomeRootView.swift */ = {isa = PBXFileReference; lastKnownFileType = sourcecode.swift; path = HomeRootView.swift; sourceTree = "<group>"; };
		7C65ECD32424EFE60075606A /* RecommendationView.swift */ = {isa = PBXFileReference; lastKnownFileType = sourcecode.swift; path = RecommendationView.swift; sourceTree = "<group>"; };
		7C65ECD52424F0060075606A /* NewProductView.swift */ = {isa = PBXFileReference; lastKnownFileType = sourcecode.swift; path = NewProductView.swift; sourceTree = "<group>"; };
		7C65ECD72424F03D0075606A /* BestView.swift */ = {isa = PBXFileReference; lastKnownFileType = sourcecode.swift; path = BestView.swift; sourceTree = "<group>"; };
		7C65ECD92424F0830075606A /* ShoppingView.swift */ = {isa = PBXFileReference; lastKnownFileType = sourcecode.swift; path = ShoppingView.swift; sourceTree = "<group>"; };
		7C65ECDB2424F08C0075606A /* EventView.swift */ = {isa = PBXFileReference; lastKnownFileType = sourcecode.swift; path = EventView.swift; sourceTree = "<group>"; };
		7CCD648A2428735100FC671B /* .swiftlint.yml */ = {isa = PBXFileReference; lastKnownFileType = text.yaml; path = .swiftlint.yml; sourceTree = "<group>"; };
		7CCD648E24287C3800FC671B /* HomeImageTableCell.swift */ = {isa = PBXFileReference; lastKnownFileType = sourcecode.swift; path = HomeImageTableCell.swift; sourceTree = "<group>"; };
		7CCD6490242886C500FC671B /* HomeImageCollectionView.swift */ = {isa = PBXFileReference; lastKnownFileType = sourcecode.swift; path = HomeImageCollectionView.swift; sourceTree = "<group>"; };
		7CCD64932428873000FC671B /* CustomCollectionViewFlowLayout.swift */ = {isa = PBXFileReference; lastKnownFileType = sourcecode.swift; path = CustomCollectionViewFlowLayout.swift; sourceTree = "<group>"; };
		7CCD64952428DABA00FC671B /* HomeBannerCollectionCell.swift */ = {isa = PBXFileReference; lastKnownFileType = sourcecode.swift; path = HomeBannerCollectionCell.swift; sourceTree = "<group>"; };
		7CCD64972428DB1D00FC671B /* UICollectionViewCellExtension.swift */ = {isa = PBXFileReference; lastKnownFileType = sourcecode.swift; path = UICollectionViewCellExtension.swift; sourceTree = "<group>"; };
		7CCD64992428DB2C00FC671B /* UICollectionViewExtension.swift */ = {isa = PBXFileReference; lastKnownFileType = sourcecode.swift; path = UICollectionViewExtension.swift; sourceTree = "<group>"; };
		7CD9D456242460D60091AE5B /* MarketBroccoli.app */ = {isa = PBXFileReference; explicitFileType = wrapper.application; includeInIndex = 0; path = MarketBroccoli.app; sourceTree = BUILT_PRODUCTS_DIR; };
		7CD9D459242460D60091AE5B /* AppDelegate.swift */ = {isa = PBXFileReference; lastKnownFileType = sourcecode.swift; path = AppDelegate.swift; sourceTree = "<group>"; };
		7CD9D45D242460D70091AE5B /* ViewController.swift */ = {isa = PBXFileReference; lastKnownFileType = sourcecode.swift; path = ViewController.swift; sourceTree = "<group>"; };
		7CD9D462242460DB0091AE5B /* Assets.xcassets */ = {isa = PBXFileReference; lastKnownFileType = folder.assetcatalog; path = Assets.xcassets; sourceTree = "<group>"; };
		7CD9D465242460DB0091AE5B /* Base */ = {isa = PBXFileReference; lastKnownFileType = file.storyboard; name = Base; path = Base.lproj/LaunchScreen.storyboard; sourceTree = "<group>"; };
		7CD9D467242460DB0091AE5B /* Info.plist */ = {isa = PBXFileReference; lastKnownFileType = text.plist.xml; path = Info.plist; sourceTree = "<group>"; };
		BA3DAD3F9ADB459218F3993B /* Pods_MarketBroccoli.framework */ = {isa = PBXFileReference; explicitFileType = wrapper.framework; includeInIndex = 0; path = Pods_MarketBroccoli.framework; sourceTree = BUILT_PRODUCTS_DIR; };
		D1C8D23965CC57B3A3E2F2A7 /* Pods-MarketBroccoli.release.xcconfig */ = {isa = PBXFileReference; includeInIndex = 1; lastKnownFileType = text.xcconfig; name = "Pods-MarketBroccoli.release.xcconfig"; path = "Target Support Files/Pods-MarketBroccoli/Pods-MarketBroccoli.release.xcconfig"; sourceTree = "<group>"; };
		FA9AD74124287F51002D3504 /* SignupVIew.swift */ = {isa = PBXFileReference; lastKnownFileType = sourcecode.swift; path = SignupVIew.swift; sourceTree = "<group>"; };
		FAAE2E562424E3C400ACC5D3 /* SignUpViewController.swift */ = {isa = PBXFileReference; lastKnownFileType = sourcecode.swift; path = SignUpViewController.swift; sourceTree = "<group>"; };
		FAAFEB5E2424A74900452977 /* LogOutViewController.swift */ = {isa = PBXFileReference; lastKnownFileType = sourcecode.swift; path = LogOutViewController.swift; sourceTree = "<group>"; };
		FAAFEB602424A77900452977 /* LogOutTableViewCell.swift */ = {isa = PBXFileReference; lastKnownFileType = sourcecode.swift; path = LogOutTableViewCell.swift; sourceTree = "<group>"; };
		FAAFEB622424A79200452977 /* TypeConverter.swift */ = {isa = PBXFileReference; lastKnownFileType = sourcecode.swift; path = TypeConverter.swift; sourceTree = "<group>"; };
/* End PBXFileReference section */

/* Begin PBXFrameworksBuildPhase section */
		7CD9D453242460D60091AE5B /* Frameworks */ = {
			isa = PBXFrameworksBuildPhase;
			buildActionMask = 2147483647;
			files = (
				6465B54BFF3CD0B2CF359F2B /* Pods_MarketBroccoli.framework in Frameworks */,
			);
			runOnlyForDeploymentPostprocessing = 0;
		};
/* End PBXFrameworksBuildPhase section */

/* Begin PBXGroup section */
		01CA253AFF170369DD1B042E /* Pods */ = {
			isa = PBXGroup;
			children = (
				05E73C0F0431AD204CF10586 /* Pods-MarketBroccoli.debug.xcconfig */,
				D1C8D23965CC57B3A3E2F2A7 /* Pods-MarketBroccoli.release.xcconfig */,
			);
			path = Pods;
			sourceTree = "<group>";
		};
		235946B95410817910E90EF2 /* Frameworks */ = {
			isa = PBXGroup;
			children = (
				BA3DAD3F9ADB459218F3993B /* Pods_MarketBroccoli.framework */,
			);
			name = Frameworks;
			sourceTree = "<group>";
		};
		727F095F2428DCE700584A40 /* CartView */ = {
			isa = PBXGroup;
			children = (
				727F09602428DFFC00584A40 /* CartView.swift */,
				727F09622428E2DB00584A40 /* CartProductTableViewCell.swift */,
			);
			path = CartView;
			sourceTree = "<group>";
		};
		7C65ECAD2424677C0075606A /* Source */ = {
			isa = PBXGroup;
			children = (
				7CCD648C24287AB300FC671B /* Cells */,
				7C65ECC6242472F70075606A /* Views */,
				7C65ECC3242472E20075606A /* Models */,
				7C65ECB7242470E70075606A /* Utils */,
				7C65ECB5242470C90075606A /* Extensions */,
				7C65ECB4242470B60075606A /* CustomUI */,
				7C65ECB3242470AB0075606A /* ViewControllers */,
			);
			path = Source;
			sourceTree = "<group>";
		};
		7C65ECAE242467850075606A /* Application */ = {
			isa = PBXGroup;
			children = (
				7CD9D459242460D60091AE5B /* AppDelegate.swift */,
			);
			path = Application;
			sourceTree = "<group>";
		};
		7C65ECAF242467910075606A /* Resource */ = {
			isa = PBXGroup;
			children = (
				7CD9D462242460DB0091AE5B /* Assets.xcassets */,
				7CD9D467242460DB0091AE5B /* Info.plist */,
			);
			path = Resource;
			sourceTree = "<group>";
		};
		7C65ECB3242470AB0075606A /* ViewControllers */ = {
			isa = PBXGroup;
			children = (
				7CD9D45D242460D70091AE5B /* ViewController.swift */,
				FAAFEB5E2424A74900452977 /* LogOutViewController.swift */,
				7C65ECCE2424B95F0075606A /* HomeViewController.swift */,
				FAAE2E562424E3C400ACC5D3 /* SignUpViewController.swift */,
				7050F3112424BA3800B8E13B /* LoginViewController.swift */,
				7280786B2429CA2000101B7D /* CartViewController.swift */,
			);
			path = ViewControllers;
			sourceTree = "<group>";
		};
		7C65ECB4242470B60075606A /* CustomUI */ = {
			isa = PBXGroup;
			children = (
				7C65ECB9242471380075606A /* EventMark.swift */,
				728078672429A8A500101B7D /* ProductQuantityStepper.swift */,
				7CCD64932428873000FC671B /* CustomCollectionViewFlowLayout.swift */,
			);
			path = CustomUI;
			sourceTree = "<group>";
		};
		7C65ECB5242470C90075606A /* Extensions */ = {
			isa = PBXGroup;
			children = (
				7C65ECBB242472370075606A /* EmptyExtension.swift */,
				7050F3132424DF7F00B8E13B /* ExtensionUIView.swift */,
				727F093424287C4F00584A40 /* UITableViewExtension.swift */,
				727F093224287C2E00584A40 /* UITableViewCellExtension.swift */,
				7CCD64972428DB1D00FC671B /* UICollectionViewCellExtension.swift */,
				7CCD64992428DB2C00FC671B /* UICollectionViewExtension.swift */,
				7C15D0B7242A2C3500ACB4C9 /* UILabelExtension.swift */,
			);
			path = Extensions;
			sourceTree = "<group>";
		};
		7C65ECB6242470CF0075606A /* Managers */ = {
			isa = PBXGroup;
			children = (
				7C65ECBD242472400075606A /* EmptyManager.swift */,
			);
			path = Managers;
			sourceTree = "<group>";
		};
		7C65ECB7242470E70075606A /* Utils */ = {
			isa = PBXGroup;
			children = (
				7C65ECB8242470F30075606A /* TypeConverter */,
				7C65ECB6242470CF0075606A /* Managers */,
				7C65ECC1242472C60075606A /* Constant.swift */,
			);
			path = Utils;
			sourceTree = "<group>";
		};
		7C65ECB8242470F30075606A /* TypeConverter */ = {
			isa = PBXGroup;
			children = (
				7C65ECBF242472480075606A /* EmptyTC.swift */,
			);
			path = TypeConverter;
			sourceTree = "<group>";
		};
		7C65ECC3242472E20075606A /* Models */ = {
			isa = PBXGroup;
			children = (
				7C65ECC4242472EC0075606A /* EmptyModel.swift */,
			);
			path = Models;
			sourceTree = "<group>";
		};
		7C65ECC6242472F70075606A /* Views */ = {
			isa = PBXGroup;
			children = (
				727F095F2428DCE700584A40 /* CartView */,
				7C65ECD22424EF350075606A /* HomeViews */,
				7C65ECC7242472FE0075606A /* EmptyViews.swift */,
				FAAFEB602424A77900452977 /* LogOutTableViewCell.swift */,
				7C65ECD02424D82C0075606A /* HomeRootView.swift */,
				FA9AD74124287F51002D3504 /* SignupVIew.swift */,
			);
			path = Views;
			sourceTree = "<group>";
		};
		7C65ECC9242473E00075606A /* TEMP */ = {
			isa = PBXGroup;
			children = (
				7C65ECCA24249B2C0075606A /* EmptyTemp.swift */,
				723851E024249C6400E8B206 /* UserInfoTableViewCell.swift */,
				FAAFEB622424A79200452977 /* TypeConverter.swift */,
			);
			path = TEMP;
			sourceTree = "<group>";
		};
		7C65ECD22424EF350075606A /* HomeViews */ = {
			isa = PBXGroup;
			children = (
				7C65ECD32424EFE60075606A /* RecommendationView.swift */,
				7C65ECD52424F0060075606A /* NewProductView.swift */,
				7C65ECD72424F03D0075606A /* BestView.swift */,
				7C65ECD92424F0830075606A /* ShoppingView.swift */,
				7C65ECDB2424F08C0075606A /* EventView.swift */,
			);
			path = HomeViews;
			sourceTree = "<group>";
		};
		7CCD648C24287AB300FC671B /* Cells */ = {
			isa = PBXGroup;
			children = (
				7CCD648D24287AF100FC671B /* HomeViewCells */,
			);
			path = Cells;
			sourceTree = "<group>";
		};
		7CCD648D24287AF100FC671B /* HomeViewCells */ = {
			isa = PBXGroup;
			children = (
				7CCD648E24287C3800FC671B /* HomeImageTableCell.swift */,
				7CCD6490242886C500FC671B /* HomeImageCollectionView.swift */,
				7CCD64952428DABA00FC671B /* HomeBannerCollectionCell.swift */,
				7C15D0B52429E55300ACB4C9 /* HomeReuseCollectionCell.swift */,
			);
			path = HomeViewCells;
			sourceTree = "<group>";
		};
		7CD9D44D242460D60091AE5B = {
			isa = PBXGroup;
			children = (
				7CCD648A2428735100FC671B /* .swiftlint.yml */,
				7CD9D458242460D60091AE5B /* MarketBroccoli */,
				7CD9D464242460DB0091AE5B /* LaunchScreen.storyboard */,
				7CD9D457242460D60091AE5B /* Products */,
				01CA253AFF170369DD1B042E /* Pods */,
				235946B95410817910E90EF2 /* Frameworks */,
			);
			sourceTree = "<group>";
		};
		7CD9D457242460D60091AE5B /* Products */ = {
			isa = PBXGroup;
			children = (
				7CD9D456242460D60091AE5B /* MarketBroccoli.app */,
			);
			name = Products;
			sourceTree = "<group>";
		};
		7CD9D458242460D60091AE5B /* MarketBroccoli */ = {
			isa = PBXGroup;
			children = (
				7C65ECC9242473E00075606A /* TEMP */,
				7C65ECAF242467910075606A /* Resource */,
				7C65ECAE242467850075606A /* Application */,
				7C65ECAD2424677C0075606A /* Source */,
			);
			path = MarketBroccoli;
			sourceTree = "<group>";
		};
/* End PBXGroup section */

/* Begin PBXNativeTarget section */
		7CD9D455242460D60091AE5B /* MarketBroccoli */ = {
			isa = PBXNativeTarget;
			buildConfigurationList = 7CD9D46A242460DB0091AE5B /* Build configuration list for PBXNativeTarget "MarketBroccoli" */;
			buildPhases = (
				8DA5496C091B6DF49944DCDF /* [CP] Check Pods Manifest.lock */,
				7CD9D452242460D60091AE5B /* Sources */,
				7CD9D453242460D60091AE5B /* Frameworks */,
				7CD9D454242460D60091AE5B /* Resources */,
				0CEDE70F0BE9333EC05A1E7C /* [CP] Embed Pods Frameworks */,
				7CCD6489242872FE00FC671B /* ShellScript */,
			);
			buildRules = (
			);
			dependencies = (
			);
			name = MarketBroccoli;
			productName = MarketBroccoli;
			productReference = 7CD9D456242460D60091AE5B /* MarketBroccoli.app */;
			productType = "com.apple.product-type.application";
		};
/* End PBXNativeTarget section */

/* Begin PBXProject section */
		7CD9D44E242460D60091AE5B /* Project object */ = {
			isa = PBXProject;
			attributes = {
				LastSwiftUpdateCheck = 1130;
				LastUpgradeCheck = 1130;
				ORGANIZATIONNAME = Team3;
				TargetAttributes = {
					7CD9D455242460D60091AE5B = {
						CreatedOnToolsVersion = 11.3.1;
					};
				};
			};
			buildConfigurationList = 7CD9D451242460D60091AE5B /* Build configuration list for PBXProject "MarketBroccoli" */;
			compatibilityVersion = "Xcode 9.3";
			developmentRegion = en;
			hasScannedForEncodings = 0;
			knownRegions = (
				en,
				Base,
			);
			mainGroup = 7CD9D44D242460D60091AE5B;
			productRefGroup = 7CD9D457242460D60091AE5B /* Products */;
			projectDirPath = "";
			projectRoot = "";
			targets = (
				7CD9D455242460D60091AE5B /* MarketBroccoli */,
			);
		};
/* End PBXProject section */

/* Begin PBXResourcesBuildPhase section */
		7CD9D454242460D60091AE5B /* Resources */ = {
			isa = PBXResourcesBuildPhase;
			buildActionMask = 2147483647;
			files = (
				7CCD648B2428735100FC671B /* .swiftlint.yml in Resources */,
				7CD9D466242460DB0091AE5B /* LaunchScreen.storyboard in Resources */,
				7CD9D463242460DB0091AE5B /* Assets.xcassets in Resources */,
			);
			runOnlyForDeploymentPostprocessing = 0;
		};
/* End PBXResourcesBuildPhase section */

/* Begin PBXShellScriptBuildPhase section */
		0CEDE70F0BE9333EC05A1E7C /* [CP] Embed Pods Frameworks */ = {
			isa = PBXShellScriptBuildPhase;
			buildActionMask = 2147483647;
			files = (
			);
			inputFileListPaths = (
				"${PODS_ROOT}/Target Support Files/Pods-MarketBroccoli/Pods-MarketBroccoli-frameworks-${CONFIGURATION}-input-files.xcfilelist",
			);
			name = "[CP] Embed Pods Frameworks";
			outputFileListPaths = (
				"${PODS_ROOT}/Target Support Files/Pods-MarketBroccoli/Pods-MarketBroccoli-frameworks-${CONFIGURATION}-output-files.xcfilelist",
			);
			runOnlyForDeploymentPostprocessing = 0;
			shellPath = /bin/sh;
			shellScript = "\"${PODS_ROOT}/Target Support Files/Pods-MarketBroccoli/Pods-MarketBroccoli-frameworks.sh\"\n";
			showEnvVarsInLog = 0;
		};
		7CCD6489242872FE00FC671B /* ShellScript */ = {
			isa = PBXShellScriptBuildPhase;
			buildActionMask = 2147483647;
			files = (
			);
			inputFileListPaths = (
			);
			inputPaths = (
			);
			outputFileListPaths = (
			);
			outputPaths = (
			);
			runOnlyForDeploymentPostprocessing = 0;
			shellPath = /bin/sh;
			shellScript = "# Type a script or drag a script file from your workspace to insert its path.\n\"${PODS_ROOT}/SwiftLint/swiftlint\"\n";
		};
		8DA5496C091B6DF49944DCDF /* [CP] Check Pods Manifest.lock */ = {
			isa = PBXShellScriptBuildPhase;
			buildActionMask = 2147483647;
			files = (
			);
			inputFileListPaths = (
			);
			inputPaths = (
				"${PODS_PODFILE_DIR_PATH}/Podfile.lock",
				"${PODS_ROOT}/Manifest.lock",
			);
			name = "[CP] Check Pods Manifest.lock";
			outputFileListPaths = (
			);
			outputPaths = (
				"$(DERIVED_FILE_DIR)/Pods-MarketBroccoli-checkManifestLockResult.txt",
			);
			runOnlyForDeploymentPostprocessing = 0;
			shellPath = /bin/sh;
			shellScript = "diff \"${PODS_PODFILE_DIR_PATH}/Podfile.lock\" \"${PODS_ROOT}/Manifest.lock\" > /dev/null\nif [ $? != 0 ] ; then\n    # print error to STDERR\n    echo \"error: The sandbox is not in sync with the Podfile.lock. Run 'pod install' or update your CocoaPods installation.\" >&2\n    exit 1\nfi\n# This output is used by Xcode 'outputs' to avoid re-running this script phase.\necho \"SUCCESS\" > \"${SCRIPT_OUTPUT_FILE_0}\"\n";
			showEnvVarsInLog = 0;
		};
/* End PBXShellScriptBuildPhase section */

/* Begin PBXSourcesBuildPhase section */
		7CD9D452242460D60091AE5B /* Sources */ = {
			isa = PBXSourcesBuildPhase;
			buildActionMask = 2147483647;
			files = (
				7CCD64982428DB1D00FC671B /* UICollectionViewCellExtension.swift in Sources */,
				7C65ECDA2424F0830075606A /* ShoppingView.swift in Sources */,
				7C65ECC2242472C60075606A /* Constant.swift in Sources */,
				7C65ECD42424EFE60075606A /* RecommendationView.swift in Sources */,
				727F093324287C2E00584A40 /* UITableViewCellExtension.swift in Sources */,
				7C65ECCB24249B2C0075606A /* EmptyTemp.swift in Sources */,
				728078682429A8A500101B7D /* ProductQuantityStepper.swift in Sources */,
				7CD9D45E242460D70091AE5B /* ViewController.swift in Sources */,
				727F093524287C4F00584A40 /* UITableViewExtension.swift in Sources */,
				7050F3122424BA3800B8E13B /* LoginViewController.swift in Sources */,
				FA9AD74224287F51002D3504 /* SignupVIew.swift in Sources */,
				7C65ECBC242472370075606A /* EmptyExtension.swift in Sources */,
				7CCD64962428DABA00FC671B /* HomeBannerCollectionCell.swift in Sources */,
				723851E124249C6400E8B206 /* UserInfoTableViewCell.swift in Sources */,
				7C65ECD12424D82C0075606A /* HomeRootView.swift in Sources */,
				7C65ECCF2424B95F0075606A /* HomeViewController.swift in Sources */,
				7C65ECD62424F0060075606A /* NewProductView.swift in Sources */,
				7CCD64942428873000FC671B /* CustomCollectionViewFlowLayout.swift in Sources */,
				7050F3142424DF7F00B8E13B /* ExtensionUIView.swift in Sources */,
				FAAFEB612424A77900452977 /* LogOutTableViewCell.swift in Sources */,
				7CCD6491242886C500FC671B /* HomeImageCollectionView.swift in Sources */,
				7CCD648F24287C3800FC671B /* HomeImageTableCell.swift in Sources */,
				7C65ECC8242472FE0075606A /* EmptyViews.swift in Sources */,
				FAAFEB5F2424A74900452977 /* LogOutViewController.swift in Sources */,
				7CCD649A2428DB2C00FC671B /* UICollectionViewExtension.swift in Sources */,
				FAAFEB632424A79200452977 /* TypeConverter.swift in Sources */,
				FAAE2E572424E3C400ACC5D3 /* SignUpViewController.swift in Sources */,
				7C15D0B62429E55300ACB4C9 /* HomeReuseCollectionCell.swift in Sources */,
				7C65ECC5242472EC0075606A /* EmptyModel.swift in Sources */,
				7C65ECDC2424F08C0075606A /* EventView.swift in Sources */,
				7C65ECBE242472400075606A /* EmptyManager.swift in Sources */,
				727F09612428DFFC00584A40 /* CartView.swift in Sources */,
				7C65ECBA242471380075606A /* EventMark.swift in Sources */,
				7C65ECD82424F03D0075606A /* BestView.swift in Sources */,
				FAAE2E592424E3F500ACC5D3 /* SignUpTableViewCell.swift in Sources */,
				7280786C2429CA2000101B7D /* CartViewController.swift in Sources */,
				7C15D0B8242A2C3500ACB4C9 /* UILabelExtension.swift in Sources */,
				7CD9D45A242460D60091AE5B /* AppDelegate.swift in Sources */,
				7C65ECC0242472480075606A /* EmptyTC.swift in Sources */,
				727F09632428E2DB00584A40 /* CartProductTableViewCell.swift in Sources */,
			);
			runOnlyForDeploymentPostprocessing = 0;
		};
/* End PBXSourcesBuildPhase section */

/* Begin PBXVariantGroup section */
		7CD9D464242460DB0091AE5B /* LaunchScreen.storyboard */ = {
			isa = PBXVariantGroup;
			children = (
				7CD9D465242460DB0091AE5B /* Base */,
			);
			name = LaunchScreen.storyboard;
			sourceTree = "<group>";
		};
/* End PBXVariantGroup section */

/* Begin XCBuildConfiguration section */
		7CD9D468242460DB0091AE5B /* Debug */ = {
			isa = XCBuildConfiguration;
			buildSettings = {
				ALWAYS_SEARCH_USER_PATHS = NO;
				CLANG_ANALYZER_NONNULL = YES;
				CLANG_ANALYZER_NUMBER_OBJECT_CONVERSION = YES_AGGRESSIVE;
				CLANG_CXX_LANGUAGE_STANDARD = "gnu++14";
				CLANG_CXX_LIBRARY = "libc++";
				CLANG_ENABLE_MODULES = YES;
				CLANG_ENABLE_OBJC_ARC = YES;
				CLANG_ENABLE_OBJC_WEAK = YES;
				CLANG_WARN_BLOCK_CAPTURE_AUTORELEASING = YES;
				CLANG_WARN_BOOL_CONVERSION = YES;
				CLANG_WARN_COMMA = YES;
				CLANG_WARN_CONSTANT_CONVERSION = YES;
				CLANG_WARN_DEPRECATED_OBJC_IMPLEMENTATIONS = YES;
				CLANG_WARN_DIRECT_OBJC_ISA_USAGE = YES_ERROR;
				CLANG_WARN_DOCUMENTATION_COMMENTS = YES;
				CLANG_WARN_EMPTY_BODY = YES;
				CLANG_WARN_ENUM_CONVERSION = YES;
				CLANG_WARN_INFINITE_RECURSION = YES;
				CLANG_WARN_INT_CONVERSION = YES;
				CLANG_WARN_NON_LITERAL_NULL_CONVERSION = YES;
				CLANG_WARN_OBJC_IMPLICIT_RETAIN_SELF = YES;
				CLANG_WARN_OBJC_LITERAL_CONVERSION = YES;
				CLANG_WARN_OBJC_ROOT_CLASS = YES_ERROR;
				CLANG_WARN_RANGE_LOOP_ANALYSIS = YES;
				CLANG_WARN_STRICT_PROTOTYPES = YES;
				CLANG_WARN_SUSPICIOUS_MOVE = YES;
				CLANG_WARN_UNGUARDED_AVAILABILITY = YES_AGGRESSIVE;
				CLANG_WARN_UNREACHABLE_CODE = YES;
				CLANG_WARN__DUPLICATE_METHOD_MATCH = YES;
				COPY_PHASE_STRIP = NO;
				DEBUG_INFORMATION_FORMAT = dwarf;
				ENABLE_STRICT_OBJC_MSGSEND = YES;
				ENABLE_TESTABILITY = YES;
				GCC_C_LANGUAGE_STANDARD = gnu11;
				GCC_DYNAMIC_NO_PIC = NO;
				GCC_NO_COMMON_BLOCKS = YES;
				GCC_OPTIMIZATION_LEVEL = 0;
				GCC_PREPROCESSOR_DEFINITIONS = (
					"DEBUG=1",
					"$(inherited)",
				);
				GCC_WARN_64_TO_32_BIT_CONVERSION = YES;
				GCC_WARN_ABOUT_RETURN_TYPE = YES_ERROR;
				GCC_WARN_UNDECLARED_SELECTOR = YES;
				GCC_WARN_UNINITIALIZED_AUTOS = YES_AGGRESSIVE;
				GCC_WARN_UNUSED_FUNCTION = YES;
				GCC_WARN_UNUSED_VARIABLE = YES;
				IPHONEOS_DEPLOYMENT_TARGET = 13.2;
				MTL_ENABLE_DEBUG_INFO = INCLUDE_SOURCE;
				MTL_FAST_MATH = YES;
				ONLY_ACTIVE_ARCH = YES;
				SDKROOT = iphoneos;
				SWIFT_ACTIVE_COMPILATION_CONDITIONS = DEBUG;
				SWIFT_OPTIMIZATION_LEVEL = "-Onone";
			};
			name = Debug;
		};
		7CD9D469242460DB0091AE5B /* Release */ = {
			isa = XCBuildConfiguration;
			buildSettings = {
				ALWAYS_SEARCH_USER_PATHS = NO;
				CLANG_ANALYZER_NONNULL = YES;
				CLANG_ANALYZER_NUMBER_OBJECT_CONVERSION = YES_AGGRESSIVE;
				CLANG_CXX_LANGUAGE_STANDARD = "gnu++14";
				CLANG_CXX_LIBRARY = "libc++";
				CLANG_ENABLE_MODULES = YES;
				CLANG_ENABLE_OBJC_ARC = YES;
				CLANG_ENABLE_OBJC_WEAK = YES;
				CLANG_WARN_BLOCK_CAPTURE_AUTORELEASING = YES;
				CLANG_WARN_BOOL_CONVERSION = YES;
				CLANG_WARN_COMMA = YES;
				CLANG_WARN_CONSTANT_CONVERSION = YES;
				CLANG_WARN_DEPRECATED_OBJC_IMPLEMENTATIONS = YES;
				CLANG_WARN_DIRECT_OBJC_ISA_USAGE = YES_ERROR;
				CLANG_WARN_DOCUMENTATION_COMMENTS = YES;
				CLANG_WARN_EMPTY_BODY = YES;
				CLANG_WARN_ENUM_CONVERSION = YES;
				CLANG_WARN_INFINITE_RECURSION = YES;
				CLANG_WARN_INT_CONVERSION = YES;
				CLANG_WARN_NON_LITERAL_NULL_CONVERSION = YES;
				CLANG_WARN_OBJC_IMPLICIT_RETAIN_SELF = YES;
				CLANG_WARN_OBJC_LITERAL_CONVERSION = YES;
				CLANG_WARN_OBJC_ROOT_CLASS = YES_ERROR;
				CLANG_WARN_RANGE_LOOP_ANALYSIS = YES;
				CLANG_WARN_STRICT_PROTOTYPES = YES;
				CLANG_WARN_SUSPICIOUS_MOVE = YES;
				CLANG_WARN_UNGUARDED_AVAILABILITY = YES_AGGRESSIVE;
				CLANG_WARN_UNREACHABLE_CODE = YES;
				CLANG_WARN__DUPLICATE_METHOD_MATCH = YES;
				COPY_PHASE_STRIP = NO;
				DEBUG_INFORMATION_FORMAT = "dwarf-with-dsym";
				ENABLE_NS_ASSERTIONS = NO;
				ENABLE_STRICT_OBJC_MSGSEND = YES;
				GCC_C_LANGUAGE_STANDARD = gnu11;
				GCC_NO_COMMON_BLOCKS = YES;
				GCC_WARN_64_TO_32_BIT_CONVERSION = YES;
				GCC_WARN_ABOUT_RETURN_TYPE = YES_ERROR;
				GCC_WARN_UNDECLARED_SELECTOR = YES;
				GCC_WARN_UNINITIALIZED_AUTOS = YES_AGGRESSIVE;
				GCC_WARN_UNUSED_FUNCTION = YES;
				GCC_WARN_UNUSED_VARIABLE = YES;
				IPHONEOS_DEPLOYMENT_TARGET = 13.2;
				MTL_ENABLE_DEBUG_INFO = NO;
				MTL_FAST_MATH = YES;
				SDKROOT = iphoneos;
				SWIFT_COMPILATION_MODE = wholemodule;
				SWIFT_OPTIMIZATION_LEVEL = "-O";
				VALIDATE_PRODUCT = YES;
			};
			name = Release;
		};
		7CD9D46B242460DB0091AE5B /* Debug */ = {
			isa = XCBuildConfiguration;
			baseConfigurationReference = 05E73C0F0431AD204CF10586 /* Pods-MarketBroccoli.debug.xcconfig */;
			buildSettings = {
				ASSETCATALOG_COMPILER_APPICON_NAME = AppIcon;
				CODE_SIGN_STYLE = Automatic;
				DEVELOPMENT_TEAM = G4MM77V7NH;
				INFOPLIST_FILE = MarketBroccoli/Resource/Info.plist;
				LD_RUNPATH_SEARCH_PATHS = (
					"$(inherited)",
					"@executable_path/Frameworks",
				);
				PRODUCT_BUNDLE_IDENTIFIER = io.github.iOSTeam3.MarketBroccoli;
				PRODUCT_NAME = "$(TARGET_NAME)";
				SWIFT_VERSION = 5.0;
				TARGETED_DEVICE_FAMILY = "1,2";
			};
			name = Debug;
		};
		7CD9D46C242460DB0091AE5B /* Release */ = {
			isa = XCBuildConfiguration;
			baseConfigurationReference = D1C8D23965CC57B3A3E2F2A7 /* Pods-MarketBroccoli.release.xcconfig */;
			buildSettings = {
				ASSETCATALOG_COMPILER_APPICON_NAME = AppIcon;
				CODE_SIGN_STYLE = Automatic;
				DEVELOPMENT_TEAM = G4MM77V7NH;
				INFOPLIST_FILE = MarketBroccoli/Resource/Info.plist;
				LD_RUNPATH_SEARCH_PATHS = (
					"$(inherited)",
					"@executable_path/Frameworks",
				);
				PRODUCT_BUNDLE_IDENTIFIER = io.github.iOSTeam3.MarketBroccoli;
				PRODUCT_NAME = "$(TARGET_NAME)";
				SWIFT_VERSION = 5.0;
				TARGETED_DEVICE_FAMILY = "1,2";
			};
			name = Release;
		};
/* End XCBuildConfiguration section */

/* Begin XCConfigurationList section */
		7CD9D451242460D60091AE5B /* Build configuration list for PBXProject "MarketBroccoli" */ = {
			isa = XCConfigurationList;
			buildConfigurations = (
				7CD9D468242460DB0091AE5B /* Debug */,
				7CD9D469242460DB0091AE5B /* Release */,
			);
			defaultConfigurationIsVisible = 0;
			defaultConfigurationName = Release;
		};
		7CD9D46A242460DB0091AE5B /* Build configuration list for PBXNativeTarget "MarketBroccoli" */ = {
			isa = XCConfigurationList;
			buildConfigurations = (
				7CD9D46B242460DB0091AE5B /* Debug */,
				7CD9D46C242460DB0091AE5B /* Release */,
			);
			defaultConfigurationIsVisible = 0;
			defaultConfigurationName = Release;
		};
/* End XCConfigurationList section */
	};
	rootObject = 7CD9D44E242460D60091AE5B /* Project object */;
}
